// !$*UTF8*$!
{
	archiveVersion = 1;
	classes = {
	};
	objectVersion = 48;
	objects = {

/* Begin PBXBuildFile section */
		6327A2E31FF3FC3400FEAF5F /* AppDelegate.swift in Sources */ = {isa = PBXBuildFile; fileRef = 6327A2E21FF3FC3400FEAF5F /* AppDelegate.swift */; };
		6327A2E51FF3FC3400FEAF5F /* ViewController.swift in Sources */ = {isa = PBXBuildFile; fileRef = 6327A2E41FF3FC3400FEAF5F /* ViewController.swift */; };
		6327A2E81FF3FC3400FEAF5F /* Main.storyboard in Resources */ = {isa = PBXBuildFile; fileRef = 6327A2E61FF3FC3400FEAF5F /* Main.storyboard */; };
		6327A2EA1FF3FC3400FEAF5F /* Assets.xcassets in Resources */ = {isa = PBXBuildFile; fileRef = 6327A2E91FF3FC3400FEAF5F /* Assets.xcassets */; };
		6327A2ED1FF3FC3400FEAF5F /* LaunchScreen.storyboard in Resources */ = {isa = PBXBuildFile; fileRef = 6327A2EB1FF3FC3400FEAF5F /* LaunchScreen.storyboard */; };
		6327A2F51FF3FC9500FEAF5F /* MobileNet.mlmodel in Sources */ = {isa = PBXBuildFile; fileRef = 6327A2F41FF3FC9500FEAF5F /* MobileNet.mlmodel */; };
		6327A2F71FF4044700FEAF5F /* Resnet50.mlmodel in Sources */ = {isa = PBXBuildFile; fileRef = 6327A2F61FF4044700FEAF5F /* Resnet50.mlmodel */; };
		6327A2F91FF532D500FEAF5F /* VGG16.mlmodel in Sources */ = {isa = PBXBuildFile; fileRef = 6327A2F81FF532D500FEAF5F /* VGG16.mlmodel */; };
/* End PBXBuildFile section */

/* Begin PBXFileReference section */
		6327A2DF1FF3FC3400FEAF5F /* CoreML Image Classification.app */ = {isa = PBXFileReference; explicitFileType = wrapper.application; includeInIndex = 0; path = "CoreML Image Classification.app"; sourceTree = BUILT_PRODUCTS_DIR; };
		6327A2E21FF3FC3400FEAF5F /* AppDelegate.swift */ = {isa = PBXFileReference; lastKnownFileType = sourcecode.swift; path = AppDelegate.swift; sourceTree = "<group>"; };
		6327A2E41FF3FC3400FEAF5F /* ViewController.swift */ = {isa = PBXFileReference; lastKnownFileType = sourcecode.swift; path = ViewController.swift; sourceTree = "<group>"; };
		6327A2E71FF3FC3400FEAF5F /* Base */ = {isa = PBXFileReference; lastKnownFileType = file.storyboard; name = Base; path = Base.lproj/Main.storyboard; sourceTree = "<group>"; };
		6327A2E91FF3FC3400FEAF5F /* Assets.xcassets */ = {isa = PBXFileReference; lastKnownFileType = folder.assetcatalog; path = Assets.xcassets; sourceTree = "<group>"; };
		6327A2EC1FF3FC3400FEAF5F /* Base */ = {isa = PBXFileReference; lastKnownFileType = file.storyboard; name = Base; path = Base.lproj/LaunchScreen.storyboard; sourceTree = "<group>"; };
		6327A2EE1FF3FC3400FEAF5F /* Info.plist */ = {isa = PBXFileReference; lastKnownFileType = text.plist.xml; path = Info.plist; sourceTree = "<group>"; };
		6327A2F41FF3FC9500FEAF5F /* MobileNet.mlmodel */ = {isa = PBXFileReference; lastKnownFileType = file.mlmodel; path = MobileNet.mlmodel; sourceTree = "<group>"; };
		6327A2F61FF4044700FEAF5F /* Resnet50.mlmodel */ = {isa = PBXFileReference; lastKnownFileType = file.mlmodel; path = Resnet50.mlmodel; sourceTree = "<group>"; };
		6327A2F81FF532D500FEAF5F /* VGG16.mlmodel */ = {isa = PBXFileReference; lastKnownFileType = file.mlmodel; path = VGG16.mlmodel; sourceTree = "<group>"; };
/* End PBXFileReference section */

/* Begin PBXFrameworksBuildPhase section */
		6327A2DC1FF3FC3400FEAF5F /* Frameworks */ = {
			isa = PBXFrameworksBuildPhase;
			buildActionMask = 2147483647;
			files = (
			);
			runOnlyForDeploymentPostprocessing = 0;
		};
/* End PBXFrameworksBuildPhase section */

/* Begin PBXGroup section */
		6327A2D61FF3FC3400FEAF5F = {
			isa = PBXGroup;
			children = (
				6327A2E11FF3FC3400FEAF5F /* CoreML Image Classification */,
				6327A2E01FF3FC3400FEAF5F /* Products */,
			);
			sourceTree = "<group>";
		};
		6327A2E01FF3FC3400FEAF5F /* Products */ = {
			isa = PBXGroup;
			children = (
				6327A2DF1FF3FC3400FEAF5F /* CoreML Image Classification.app */,
			);
			name = Products;
			sourceTree = "<group>";
		};
		6327A2E11FF3FC3400FEAF5F /* CoreML Image Classification */ = {
			isa = PBXGroup;
			children = (
				6327A2E21FF3FC3400FEAF5F /* AppDelegate.swift */,
				6327A2E41FF3FC3400FEAF5F /* ViewController.swift */,
				6327A2E61FF3FC3400FEAF5F /* Main.storyboard */,
				6327A2E91FF3FC3400FEAF5F /* Assets.xcassets */,
				6327A2EB1FF3FC3400FEAF5F /* LaunchScreen.storyboard */,
				6327A2EE1FF3FC3400FEAF5F /* Info.plist */,
				6327A2F41FF3FC9500FEAF5F /* MobileNet.mlmodel */,
				6327A2F61FF4044700FEAF5F /* Resnet50.mlmodel */,
				6327A2F81FF532D500FEAF5F /* VGG16.mlmodel */,
			);
			path = "CoreML Image Classification";
			sourceTree = "<group>";
		};
/* End PBXGroup section */

/* Begin PBXNativeTarget section */
		6327A2DE1FF3FC3400FEAF5F /* CoreML Image Classification */ = {
			isa = PBXNativeTarget;
			buildConfigurationList = 6327A2F11FF3FC3400FEAF5F /* Build configuration list for PBXNativeTarget "CoreML Image Classification" */;
			buildPhases = (
				6327A2DB1FF3FC3400FEAF5F /* Sources */,
				6327A2DC1FF3FC3400FEAF5F /* Frameworks */,
				6327A2DD1FF3FC3400FEAF5F /* Resources */,
			);
			buildRules = (
			);
			dependencies = (
			);
			name = "CoreML Image Classification";
			productName = "CoreML Image Classification";
			productReference = 6327A2DF1FF3FC3400FEAF5F /* CoreML Image Classification.app */;
			productType = "com.apple.product-type.application";
		};
/* End PBXNativeTarget section */

/* Begin PBXProject section */
		6327A2D71FF3FC3400FEAF5F /* Project object */ = {
			isa = PBXProject;
			attributes = {
				LastSwiftUpdateCheck = 0920;
				LastUpgradeCheck = 0920;
				ORGANIZATIONNAME = "Kristaps Grinbergs";
				TargetAttributes = {
					6327A2DE1FF3FC3400FEAF5F = {
						CreatedOnToolsVersion = 9.2;
						ProvisioningStyle = Automatic;
					};
				};
			};
			buildConfigurationList = 6327A2DA1FF3FC3400FEAF5F /* Build configuration list for PBXProject "CoreML Image Classification" */;
			compatibilityVersion = "Xcode 8.0";
			developmentRegion = en;
			hasScannedForEncodings = 0;
			knownRegions = (
				en,
				Base,
			);
			mainGroup = 6327A2D61FF3FC3400FEAF5F;
			productRefGroup = 6327A2E01FF3FC3400FEAF5F /* Products */;
			projectDirPath = "";
			projectRoot = "";
			targets = (
				6327A2DE1FF3FC3400FEAF5F /* CoreML Image Classification */,
			);
		};
/* End PBXProject section */

/* Begin PBXResourcesBuildPhase section */
		6327A2DD1FF3FC3400FEAF5F /* Resources */ = {
			isa = PBXResourcesBuildPhase;
			buildActionMask = 2147483647;
			files = (
				6327A2ED1FF3FC3400FEAF5F /* LaunchScreen.storyboard in Resources */,
				6327A2EA1FF3FC3400FEAF5F /* Assets.xcassets in Resources */,
				6327A2E81FF3FC3400FEAF5F /* Main.storyboard in Resources */,
			);
			runOnlyForDeploymentPostprocessing = 0;
		};
/* End PBXResourcesBuildPhase section */

/* Begin PBXSourcesBuildPhase section */
		6327A2DB1FF3FC3400FEAF5F /* Sources */ = {
			isa = PBXSourcesBuildPhase;
			buildActionMask = 2147483647;
			files = (
				6327A2E51FF3FC3400FEAF5F /* ViewController.swift in Sources */,
				6327A2E31FF3FC3400FEAF5F /* AppDelegate.swift in Sources */,
				6327A2F71FF4044700FEAF5F /* Resnet50.mlmodel in Sources */,
				6327A2F51FF3FC9500FEAF5F /* MobileNet.mlmodel in Sources */,
				6327A2F91FF532D500FEAF5F /* VGG16.mlmodel in Sources */,
			);
			runOnlyForDeploymentPostprocessing = 0;
		};
/* End PBXSourcesBuildPhase section */

/* Begin PBXVariantGroup section */
		6327A2E61FF3FC3400FEAF5F /* Main.storyboard */ = {
			isa = PBXVariantGroup;
			children = (
				6327A2E71FF3FC3400FEAF5F /* Base */,
			);
			name = Main.storyboard;
			sourceTree = "<group>";
		};
		6327A2EB1FF3FC3400FEAF5F /* LaunchScreen.storyboard */ = {
			isa = PBXVariantGroup;
			children = (
				6327A2EC1FF3FC3400FEAF5F /* Base */,
			);
			name = LaunchScreen.storyboard;
			sourceTree = "<group>";
		};
/* End PBXVariantGroup section */

/* Begin XCBuildConfiguration section */
		6327A2EF1FF3FC3400FEAF5F /* Debug */ = {
			isa = XCBuildConfiguration;
			buildSettings = {
				ALWAYS_SEARCH_USER_PATHS = NO;
				CLANG_ANALYZER_NONNULL = YES;
				CLANG_ANALYZER_NUMBER_OBJECT_CONVERSION = YES_AGGRESSIVE;
				CLANG_CXX_LANGUAGE_STANDARD = "gnu++14";
				CLANG_CXX_LIBRARY = "libc++";
				CLANG_ENABLE_MODULES = YES;
				CLANG_ENABLE_OBJC_ARC = YES;
				CLANG_WARN_BLOCK_CAPTURE_AUTORELEASING = YES;
				CLANG_WARN_BOOL_CONVERSION = YES;
				CLANG_WARN_COMMA = YES;
				CLANG_WARN_CONSTANT_CONVERSION = YES;
				CLANG_WARN_DIRECT_OBJC_ISA_USAGE = YES_ERROR;
				CLANG_WARN_DOCUMENTATION_COMMENTS = YES;
				CLANG_WARN_EMPTY_BODY = YES;
				CLANG_WARN_ENUM_CONVERSION = YES;
				CLANG_WARN_INFINITE_RECURSION = YES;
				CLANG_WARN_INT_CONVERSION = YES;
				CLANG_WARN_NON_LITERAL_NULL_CONVERSION = YES;
				CLANG_WARN_OBJC_LITERAL_CONVERSION = YES;
				CLANG_WARN_OBJC_ROOT_CLASS = YES_ERROR;
				CLANG_WARN_RANGE_LOOP_ANALYSIS = YES;
				CLANG_WARN_STRICT_PROTOTYPES = YES;
				CLANG_WARN_SUSPICIOUS_MOVE = YES;
				CLANG_WARN_UNGUARDED_AVAILABILITY = YES_AGGRESSIVE;
				CLANG_WARN_UNREACHABLE_CODE = YES;
				CLANG_WARN__DUPLICATE_METHOD_MATCH = YES;
				CODE_SIGN_IDENTITY = "iPhone Developer";
				COPY_PHASE_STRIP = NO;
				DEBUG_INFORMATION_FORMAT = dwarf;
				ENABLE_STRICT_OBJC_MSGSEND = YES;
				ENABLE_TESTABILITY = YES;
				GCC_C_LANGUAGE_STANDARD = gnu11;
				GCC_DYNAMIC_NO_PIC = NO;
				GCC_NO_COMMON_BLOCKS = YES;
				GCC_OPTIMIZATION_LEVEL = 0;
				GCC_PREPROCESSOR_DEFINITIONS = (
					"DEBUG=1",
					"$(inherited)",
				);
				GCC_WARN_64_TO_32_BIT_CONVERSION = YES;
				GCC_WARN_ABOUT_RETURN_TYPE = YES_ERROR;
				GCC_WARN_UNDECLARED_SELECTOR = YES;
				GCC_WARN_UNINITIALIZED_AUTOS = YES_AGGRESSIVE;
				GCC_WARN_UNUSED_FUNCTION = YES;
				GCC_WARN_UNUSED_VARIABLE = YES;
				IPHONEOS_DEPLOYMENT_TARGET = 11.2;
				MTL_ENABLE_DEBUG_INFO = YES;
				ONLY_ACTIVE_ARCH = YES;
				SDKROOT = iphoneos;
				SWIFT_ACTIVE_COMPILATION_CONDITIONS = DEBUG;
				SWIFT_OPTIMIZATION_LEVEL = "-Onone";
			};
			name = Debug;
		};
		6327A2F01FF3FC3400FEAF5F /* Release */ = {
			isa = XCBuildConfiguration;
			buildSettings = {
				ALWAYS_SEARCH_USER_PATHS = NO;
				CLANG_ANALYZER_NONNULL = YES;
				CLANG_ANALYZER_NUMBER_OBJECT_CONVERSION = YES_AGGRESSIVE;
				CLANG_CXX_LANGUAGE_STANDARD = "gnu++14";
				CLANG_CXX_LIBRARY = "libc++";
				CLANG_ENABLE_MODULES = YES;
				CLANG_ENABLE_OBJC_ARC = YES;
				CLANG_WARN_BLOCK_CAPTURE_AUTORELEASING = YES;
				CLANG_WARN_BOOL_CONVERSION = YES;
				CLANG_WARN_COMMA = YES;
				CLANG_WARN_CONSTANT_CONVERSION = YES;
				CLANG_WARN_DIRECT_OBJC_ISA_USAGE = YES_ERROR;
				CLANG_WARN_DOCUMENTATION_COMMENTS = YES;
				CLANG_WARN_EMPTY_BODY = YES;
				CLANG_WARN_ENUM_CONVERSION = YES;
				CLANG_WARN_INFINITE_RECURSION = YES;
				CLANG_WARN_INT_CONVERSION = YES;
				CLANG_WARN_NON_LITERAL_NULL_CONVERSION = YES;
				CLANG_WARN_OBJC_LITERAL_CONVERSION = YES;
				CLANG_WARN_OBJC_ROOT_CLASS = YES_ERROR;
				CLANG_WARN_RANGE_LOOP_ANALYSIS = YES;
				CLANG_WARN_STRICT_PROTOTYPES = YES;
				CLANG_WARN_SUSPICIOUS_MOVE = YES;
				CLANG_WARN_UNGUARDED_AVAILABILITY = YES_AGGRESSIVE;
				CLANG_WARN_UNREACHABLE_CODE = YES;
				CLANG_WARN__DUPLICATE_METHOD_MATCH = YES;
				CODE_SIGN_IDENTITY = "iPhone Developer";
				COPY_PHASE_STRIP = NO;
				DEBUG_INFORMATION_FORMAT = "dwarf-with-dsym";
				ENABLE_NS_ASSERTIONS = NO;
				ENABLE_STRICT_OBJC_MSGSEND = YES;
				GCC_C_LANGUAGE_STANDARD = gnu11;
				GCC_NO_COMMON_BLOCKS = YES;
				GCC_WARN_64_TO_32_BIT_CONVERSION = YES;
				GCC_WARN_ABOUT_RETURN_TYPE = YES_ERROR;
				GCC_WARN_UNDECLARED_SELECTOR = YES;
				GCC_WARN_UNINITIALIZED_AUTOS = YES_AGGRESSIVE;
				GCC_WARN_UNUSED_FUNCTION = YES;
				GCC_WARN_UNUSED_VARIABLE = YES;
				IPHONEOS_DEPLOYMENT_TARGET = 11.2;
				MTL_ENABLE_DEBUG_INFO = NO;
				SDKROOT = iphoneos;
				SWIFT_OPTIMIZATION_LEVEL = "-Owholemodule";
				VALIDATE_PRODUCT = YES;
			};
			name = Release;
		};
		6327A2F21FF3FC3400FEAF5F /* Debug */ = {
			isa = XCBuildConfiguration;
			buildSettings = {
				ASSETCATALOG_COMPILER_APPICON_NAME = AppIcon;
				CODE_SIGN_STYLE = Automatic;
				DEVELOPMENT_TEAM = 5V9898P3CM;
				INFOPLIST_FILE = "CoreML Image Classification/Info.plist";
				LD_RUNPATH_SEARCH_PATHS = "$(inherited) @executable_path/Frameworks";
				PRODUCT_BUNDLE_IDENTIFIER = "com.fassko.CoreML-Image-Classification";
				PRODUCT_NAME = "$(TARGET_NAME)";
				SWIFT_VERSION = 4.0;
				TARGETED_DEVICE_FAMILY = "1,2";
			};
			name = Debug;
		};
		6327A2F31FF3FC3400FEAF5F /* Release */ = {
			isa = XCBuildConfiguration;
			buildSettings = {
				ASSETCATALOG_COMPILER_APPICON_NAME = AppIcon;
				CODE_SIGN_STYLE = Automatic;
				DEVELOPMENT_TEAM = 5V9898P3CM;
				INFOPLIST_FILE = "CoreML Image Classification/Info.plist";
				LD_RUNPATH_SEARCH_PATHS = "$(inherited) @executable_path/Frameworks";
				PRODUCT_BUNDLE_IDENTIFIER = "com.fassko.CoreML-Image-Classification";
				PRODUCT_NAME = "$(TARGET_NAME)";
				SWIFT_VERSION = 4.0;
				TARGETED_DEVICE_FAMILY = "1,2";
			};
			name = Release;
		};
/* End XCBuildConfiguration section */

/* Begin XCConfigurationList section */
		6327A2DA1FF3FC3400FEAF5F /* Build configuration list for PBXProject "CoreML Image Classification" */ = {
			isa = XCConfigurationList;
			buildConfigurations = (
				6327A2EF1FF3FC3400FEAF5F /* Debug */,
				6327A2F01FF3FC3400FEAF5F /* Release */,
			);
			defaultConfigurationIsVisible = 0;
			defaultConfigurationName = Release;
		};
		6327A2F11FF3FC3400FEAF5F /* Build configuration list for PBXNativeTarget "CoreML Image Classification" */ = {
			isa = XCConfigurationList;
			buildConfigurations = (
				6327A2F21FF3FC3400FEAF5F /* Debug */,
				6327A2F31FF3FC3400FEAF5F /* Release */,
			);
			defaultConfigurationIsVisible = 0;
			defaultConfigurationName = Release;
		};
/* End XCConfigurationList section */
	};
	rootObject = 6327A2D71FF3FC3400FEAF5F /* Project object */;
}
